
Microsoft Visual Studio Solution File, Format Version 12.00
# Visual Studio Version 16
VisualStudioVersion = 16.0.32228.343
MinimumVisualStudioVersion = 10.0.40219.1
Project("{FAE04EC0-301F-11D3-BF4B-00C04F79EFBC}") = "RareMediumAcademy", "RareMediumAcademy.csproj", "{BC93F941-6266-41E9-84DD-8EC4161E5614}"
EndProject
Global
	GlobalSection(SolutionConfigurationPlatforms) = preSolution
		Debug|Any CPU = Debug|Any CPU
		Release|Any CPU = Release|Any CPU
	EndGlobalSection
	GlobalSection(ProjectConfigurationPlatforms) = postSolution
		{BC93F941-6266-41E9-84DD-8EC4161E5614}.Debug|Any CPU.ActiveCfg = Debug|Any CPU
		{BC93F941-6266-41E9-84DD-8EC4161E5614}.Debug|Any CPU.Build.0 = Debug|Any CPU
		{BC93F941-6266-41E9-84DD-8EC4161E5614}.Release|Any CPU.ActiveCfg = Release|Any CPU
		{BC93F941-6266-41E9-84DD-8EC4161E5614}.Release|Any CPU.Build.0 = Release|Any CPU
	EndGlobalSection
	GlobalSection(SolutionProperties) = preSolution
		HideSolutionNode = FALSE
	EndGlobalSection
	GlobalSection(ExtensibilityGlobals) = postSolution
		SolutionGuid = {93EA5E80-D868-45A9-BFAD-404363D2A9A0}
	EndGlobalSection
EndGlobal
